Microsoft Visual Studio Solution File, Format Version 12.00
# Visual Studio Version 17
VisualStudioVersion = 17.5.2.0
MinimumVisualStudioVersion = 10.0.40219.1
Project("{FAE04EC0-301F-11D3-BF4B-00C04F79EFBC}") = "Aula_04", "Aula_04.csproj", "{0714C56B-B84C-3E57-D8FA-0815B548C614}"
EndProject
Global
	GlobalSection(SolutionConfigurationPlatforms) = preSolution
		Debug|Any CPU = Debug|Any CPU
		Release|Any CPU = Release|Any CPU
	EndGlobalSection
	GlobalSection(ProjectConfigurationPlatforms) = postSolution
		{0714C56B-B84C-3E57-D8FA-0815B548C614}.Debug|Any CPU.ActiveCfg = Debug|Any CPU
		{0714C56B-B84C-3E57-D8FA-0815B548C614}.Debug|Any CPU.Build.0 = Debug|Any CPU
		{0714C56B-B84C-3E57-D8FA-0815B548C614}.Release|Any CPU.ActiveCfg = Release|Any CPU
		{0714C56B-B84C-3E57-D8FA-0815B548C614}.Release|Any CPU.Build.0 = Release|Any CPU
	EndGlobalSection
	GlobalSection(SolutionProperties) = preSolution
		HideSolutionNode = FALSE
	EndGlobalSection
	GlobalSection(ExtensibilityGlobals) = postSolution
		SolutionGuid = {01B3F820-6A6E-4049-A3EE-09C4232C2A94}
	EndGlobalSection
EndGlobal
